
Microsoft Visual Studio Solution File, Format Version 12.00
# Visual Studio Version 16
VisualStudioVersion = 16.0.30804.86
MinimumVisualStudioVersion = 10.0.40219.1
Project("{FAE04EC0-301F-11D3-BF4B-00C04F79EFBC}") = "jenkins", "jenkins\jenkins.csproj", "{69FFC06C-2220-48D0-9AB9-A584F3CF43AC}"
EndProject
Global
	GlobalSection(SolutionConfigurationPlatforms) = preSolution
		Debug|Any CPU = Debug|Any CPU
		Release|Any CPU = Release|Any CPU
	EndGlobalSection
	GlobalSection(ProjectConfigurationPlatforms) = postSolution
		{69FFC06C-2220-48D0-9AB9-A584F3CF43AC}.Debug|Any CPU.ActiveCfg = Debug|Any CPU
		{69FFC06C-2220-48D0-9AB9-A584F3CF43AC}.Debug|Any CPU.Build.0 = Debug|Any CPU
		{69FFC06C-2220-48D0-9AB9-A584F3CF43AC}.Release|Any CPU.ActiveCfg = Release|Any CPU
		{69FFC06C-2220-48D0-9AB9-A584F3CF43AC}.Release|Any CPU.Build.0 = Release|Any CPU
	EndGlobalSection
	GlobalSection(SolutionProperties) = preSolution
		HideSolutionNode = FALSE
	EndGlobalSection
	GlobalSection(ExtensibilityGlobals) = postSolution
		SolutionGuid = {A4A2C5DA-4FDF-4D90-9930-B8828E59466B}
	EndGlobalSection
EndGlobal
